// !$*UTF8*$!
{
	archiveVersion = 1;
	classes = {
	};
	objectVersion = 46;
	objects = {

/* Begin PBXBuildFile section */
		3899470A1403273863C2B752 /* Pods_iAsync_restkitTests.framework in Frameworks */ = {isa = PBXBuildFile; fileRef = ED2F974B993EAD6C8FC0D12D /* Pods_iAsync_restkitTests.framework */; };
		4C63C7351B3C77E8003984DE /* iAsync_restkit.framework in Frameworks */ = {isa = PBXBuildFile; fileRef = 4C63C7291B3C77E8003984DE /* iAsync_restkit.framework */; };
		4C63C73C1B3C77E8003984DE /* iAsync_restkitTests.swift in Sources */ = {isa = PBXBuildFile; fileRef = 4C63C73B1B3C77E8003984DE /* iAsync_restkitTests.swift */; };
		A935577F294658788525B177 /* Pods_iAsync_restkit.framework in Frameworks */ = {isa = PBXBuildFile; fileRef = 33A1BDD53A9ECC1B8E75675C /* Pods_iAsync_restkit.framework */; };
		C3E896FE1DF03CBB000D1618 /* AsyncRestKitCache.swift in Sources */ = {isa = PBXBuildFile; fileRef = C3E896F81DF03CBB000D1618 /* AsyncRestKitCache.swift */; };
		C3E896FF1DF03CBB000D1618 /* iAsync.restkit.h in Headers */ = {isa = PBXBuildFile; fileRef = C3E896F91DF03CBB000D1618 /* iAsync.restkit.h */; };
		C3E897011DF03CBB000D1618 /* JsonTools.swift in Sources */ = {isa = PBXBuildFile; fileRef = C3E896FB1DF03CBB000D1618 /* JsonTools.swift */; };
		C3E897021DF03CBB000D1618 /* ParseJsonDataError.swift in Sources */ = {isa = PBXBuildFile; fileRef = C3E896FC1DF03CBB000D1618 /* ParseJsonDataError.swift */; };
		C3E897031DF03CBB000D1618 /* SmartDataStream.swift in Sources */ = {isa = PBXBuildFile; fileRef = C3E896FD1DF03CBB000D1618 /* SmartDataStream.swift */; };
/* End PBXBuildFile section */

/* Begin PBXContainerItemProxy section */
		4C63C7361B3C77E8003984DE /* PBXContainerItemProxy */ = {
			isa = PBXContainerItemProxy;
			containerPortal = 4C63C7201B3C77E8003984DE /* Project object */;
			proxyType = 1;
			remoteGlobalIDString = 4C63C7281B3C77E8003984DE;
			remoteInfo = iAsync.restkit;
		};
/* End PBXContainerItemProxy section */

/* Begin PBXFileReference section */
		0BC2942BD43A952C7DA6B631 /* Pods-iAsync.restkit.debug.xcconfig */ = {isa = PBXFileReference; includeInIndex = 1; lastKnownFileType = text.xcconfig; name = "Pods-iAsync.restkit.debug.xcconfig"; path = "Pods/Target Support Files/Pods-iAsync.restkit/Pods-iAsync.restkit.debug.xcconfig"; sourceTree = "<group>"; };
		15A994EB960F04B9428740AF /* Pods-iAsync.restkitTests.debug.xcconfig */ = {isa = PBXFileReference; includeInIndex = 1; lastKnownFileType = text.xcconfig; name = "Pods-iAsync.restkitTests.debug.xcconfig"; path = "Pods/Target Support Files/Pods-iAsync.restkitTests/Pods-iAsync.restkitTests.debug.xcconfig"; sourceTree = "<group>"; };
		33A1BDD53A9ECC1B8E75675C /* Pods_iAsync_restkit.framework */ = {isa = PBXFileReference; explicitFileType = wrapper.framework; includeInIndex = 0; path = Pods_iAsync_restkit.framework; sourceTree = BUILT_PRODUCTS_DIR; };
		47735F51A234AC992D2E3A96 /* Pods-iAsync.restkitTests.release.xcconfig */ = {isa = PBXFileReference; includeInIndex = 1; lastKnownFileType = text.xcconfig; name = "Pods-iAsync.restkitTests.release.xcconfig"; path = "Pods/Target Support Files/Pods-iAsync.restkitTests/Pods-iAsync.restkitTests.release.xcconfig"; sourceTree = "<group>"; };
		4C63C7291B3C77E8003984DE /* iAsync_restkit.framework */ = {isa = PBXFileReference; explicitFileType = wrapper.framework; includeInIndex = 0; path = iAsync_restkit.framework; sourceTree = BUILT_PRODUCTS_DIR; };
		4C63C7341B3C77E8003984DE /* iAsync.restkitTests.xctest */ = {isa = PBXFileReference; explicitFileType = wrapper.cfbundle; includeInIndex = 0; path = iAsync.restkitTests.xctest; sourceTree = BUILT_PRODUCTS_DIR; };
		4C63C73A1B3C77E8003984DE /* Info.plist */ = {isa = PBXFileReference; lastKnownFileType = text.plist.xml; path = Info.plist; sourceTree = "<group>"; };
		4C63C73B1B3C77E8003984DE /* iAsync_restkitTests.swift */ = {isa = PBXFileReference; lastKnownFileType = sourcecode.swift; path = iAsync_restkitTests.swift; sourceTree = "<group>"; };
		ACD5F6A9DBFCD37909FFCF13 /* Pods-iAsync.restkit.release.xcconfig */ = {isa = PBXFileReference; includeInIndex = 1; lastKnownFileType = text.xcconfig; name = "Pods-iAsync.restkit.release.xcconfig"; path = "Pods/Target Support Files/Pods-iAsync.restkit/Pods-iAsync.restkit.release.xcconfig"; sourceTree = "<group>"; };
		C3E896F81DF03CBB000D1618 /* AsyncRestKitCache.swift */ = {isa = PBXFileReference; fileEncoding = 4; lastKnownFileType = sourcecode.swift; path = AsyncRestKitCache.swift; sourceTree = "<group>"; };
		C3E896F91DF03CBB000D1618 /* iAsync.restkit.h */ = {isa = PBXFileReference; fileEncoding = 4; lastKnownFileType = sourcecode.c.h; path = iAsync.restkit.h; sourceTree = "<group>"; };
		C3E896FA1DF03CBB000D1618 /* Info.plist */ = {isa = PBXFileReference; fileEncoding = 4; lastKnownFileType = text.plist.xml; path = Info.plist; sourceTree = "<group>"; };
		C3E896FB1DF03CBB000D1618 /* JsonTools.swift */ = {isa = PBXFileReference; fileEncoding = 4; lastKnownFileType = sourcecode.swift; path = JsonTools.swift; sourceTree = "<group>"; };
		C3E896FC1DF03CBB000D1618 /* ParseJsonDataError.swift */ = {isa = PBXFileReference; fileEncoding = 4; lastKnownFileType = sourcecode.swift; path = ParseJsonDataError.swift; sourceTree = "<group>"; };
		C3E896FD1DF03CBB000D1618 /* SmartDataStream.swift */ = {isa = PBXFileReference; fileEncoding = 4; lastKnownFileType = sourcecode.swift; path = SmartDataStream.swift; sourceTree = "<group>"; };
		ED2F974B993EAD6C8FC0D12D /* Pods_iAsync_restkitTests.framework */ = {isa = PBXFileReference; explicitFileType = wrapper.framework; includeInIndex = 0; path = Pods_iAsync_restkitTests.framework; sourceTree = BUILT_PRODUCTS_DIR; };
/* End PBXFileReference section */

/* Begin PBXFrameworksBuildPhase section */
		4C63C7251B3C77E8003984DE /* Frameworks */ = {
			isa = PBXFrameworksBuildPhase;
			buildActionMask = 2147483647;
			files = (
				A935577F294658788525B177 /* Pods_iAsync_restkit.framework in Frameworks */,
			);
			runOnlyForDeploymentPostprocessing = 0;
		};
		4C63C7311B3C77E8003984DE /* Frameworks */ = {
			isa = PBXFrameworksBuildPhase;
			buildActionMask = 2147483647;
			files = (
				4C63C7351B3C77E8003984DE /* iAsync_restkit.framework in Frameworks */,
				3899470A1403273863C2B752 /* Pods_iAsync_restkitTests.framework in Frameworks */,
			);
			runOnlyForDeploymentPostprocessing = 0;
		};
/* End PBXFrameworksBuildPhase section */

/* Begin PBXGroup section */
		33EFF4C72BC870CC9A829589 /* Frameworks */ = {
			isa = PBXGroup;
			children = (
				33A1BDD53A9ECC1B8E75675C /* Pods_iAsync_restkit.framework */,
				ED2F974B993EAD6C8FC0D12D /* Pods_iAsync_restkitTests.framework */,
			);
			name = Frameworks;
			sourceTree = "<group>";
		};
		4C63C71F1B3C77E8003984DE = {
			isa = PBXGroup;
			children = (
				C3E896F71DF03CBB000D1618 /* Sources */,
				4C63C7381B3C77E8003984DE /* iAsync.restkitTests */,
				4C63C72A1B3C77E8003984DE /* Products */,
				DBDFA03495EFF6681DF049FF /* Pods */,
				33EFF4C72BC870CC9A829589 /* Frameworks */,
			);
			sourceTree = "<group>";
		};
		4C63C72A1B3C77E8003984DE /* Products */ = {
			isa = PBXGroup;
			children = (
				4C63C7291B3C77E8003984DE /* iAsync_restkit.framework */,
				4C63C7341B3C77E8003984DE /* iAsync.restkitTests.xctest */,
			);
			name = Products;
			sourceTree = "<group>";
		};
		4C63C7381B3C77E8003984DE /* iAsync.restkitTests */ = {
			isa = PBXGroup;
			children = (
				4C63C73B1B3C77E8003984DE /* iAsync_restkitTests.swift */,
				4C63C7391B3C77E8003984DE /* Supporting Files */,
			);
			path = iAsync.restkitTests;
			sourceTree = "<group>";
		};
		4C63C7391B3C77E8003984DE /* Supporting Files */ = {
			isa = PBXGroup;
			children = (
				4C63C73A1B3C77E8003984DE /* Info.plist */,
			);
			name = "Supporting Files";
			sourceTree = "<group>";
		};
		C3E896F71DF03CBB000D1618 /* Sources */ = {
			isa = PBXGroup;
			children = (
				C3E896F81DF03CBB000D1618 /* AsyncRestKitCache.swift */,
				C3E896F91DF03CBB000D1618 /* iAsync.restkit.h */,
				C3E896FA1DF03CBB000D1618 /* Info.plist */,
				C3E896FB1DF03CBB000D1618 /* JsonTools.swift */,
				C3E896FC1DF03CBB000D1618 /* ParseJsonDataError.swift */,
				C3E896FD1DF03CBB000D1618 /* SmartDataStream.swift */,
			);
			path = Sources;
			sourceTree = "<group>";
		};
		DBDFA03495EFF6681DF049FF /* Pods */ = {
			isa = PBXGroup;
			children = (
				0BC2942BD43A952C7DA6B631 /* Pods-iAsync.restkit.debug.xcconfig */,
				ACD5F6A9DBFCD37909FFCF13 /* Pods-iAsync.restkit.release.xcconfig */,
				15A994EB960F04B9428740AF /* Pods-iAsync.restkitTests.debug.xcconfig */,
				47735F51A234AC992D2E3A96 /* Pods-iAsync.restkitTests.release.xcconfig */,
			);
			name = Pods;
			sourceTree = "<group>";
		};
/* End PBXGroup section */

/* Begin PBXHeadersBuildPhase section */
		4C63C7261B3C77E8003984DE /* Headers */ = {
			isa = PBXHeadersBuildPhase;
			buildActionMask = 2147483647;
			files = (
				C3E896FF1DF03CBB000D1618 /* iAsync.restkit.h in Headers */,
			);
			runOnlyForDeploymentPostprocessing = 0;
		};
/* End PBXHeadersBuildPhase section */

/* Begin PBXNativeTarget section */
		4C63C7281B3C77E8003984DE /* iAsync.restkit */ = {
			isa = PBXNativeTarget;
			buildConfigurationList = 4C63C73F1B3C77E8003984DE /* Build configuration list for PBXNativeTarget "iAsync.restkit" */;
			buildPhases = (
				786A1D06C2244B94C63D3A74 /* [CP] Check Pods Manifest.lock */,
				4C63C7241B3C77E8003984DE /* Sources */,
				4C63C7251B3C77E8003984DE /* Frameworks */,
				4C63C7261B3C77E8003984DE /* Headers */,
				4C63C7271B3C77E8003984DE /* Resources */,
				47A9A216DD1406E542C36759 /* [CP] Copy Pods Resources */,
			);
			buildRules = (
			);
			dependencies = (
			);
			name = iAsync.restkit;
			productName = iAsync.restkit;
			productReference = 4C63C7291B3C77E8003984DE /* iAsync_restkit.framework */;
			productType = "com.apple.product-type.framework";
		};
		4C63C7331B3C77E8003984DE /* iAsync.restkitTests */ = {
			isa = PBXNativeTarget;
			buildConfigurationList = 4C63C7421B3C77E8003984DE /* Build configuration list for PBXNativeTarget "iAsync.restkitTests" */;
			buildPhases = (
				79294F3479DA1968BBDEAD6B /* [CP] Check Pods Manifest.lock */,
				4C63C7301B3C77E8003984DE /* Sources */,
				4C63C7311B3C77E8003984DE /* Frameworks */,
				4C63C7321B3C77E8003984DE /* Resources */,
				D90C765A875A64EAA1CC38D5 /* [CP] Embed Pods Frameworks */,
				C6D93AE18131BDE18FD7D17B /* [CP] Copy Pods Resources */,
			);
			buildRules = (
			);
			dependencies = (
				4C63C7371B3C77E8003984DE /* PBXTargetDependency */,
			);
			name = iAsync.restkitTests;
			productName = iAsync.restkitTests;
			productReference = 4C63C7341B3C77E8003984DE /* iAsync.restkitTests.xctest */;
			productType = "com.apple.product-type.bundle.unit-test";
		};
/* End PBXNativeTarget section */

/* Begin PBXProject section */
		4C63C7201B3C77E8003984DE /* Project object */ = {
			isa = PBXProject;
			attributes = {
				LastSwiftUpdateCheck = 0720;
				LastUpgradeCheck = 0810;
				ORGANIZATIONNAME = EmbeddedSources;
				TargetAttributes = {
					4C63C7281B3C77E8003984DE = {
						CreatedOnToolsVersion = 6.3;
						LastSwiftMigration = 0810;
					};
					4C63C7331B3C77E8003984DE = {
						CreatedOnToolsVersion = 6.3;
						DevelopmentTeam = GAV4QH5NMA;
						LastSwiftMigration = 0810;
					};
				};
			};
			buildConfigurationList = 4C63C7231B3C77E8003984DE /* Build configuration list for PBXProject "iAsync.restkit" */;
			compatibilityVersion = "Xcode 3.2";
			developmentRegion = English;
			hasScannedForEncodings = 0;
			knownRegions = (
				en,
			);
			mainGroup = 4C63C71F1B3C77E8003984DE;
			productRefGroup = 4C63C72A1B3C77E8003984DE /* Products */;
			projectDirPath = "";
			projectRoot = "";
			targets = (
				4C63C7281B3C77E8003984DE /* iAsync.restkit */,
				4C63C7331B3C77E8003984DE /* iAsync.restkitTests */,
			);
		};
/* End PBXProject section */

/* Begin PBXResourcesBuildPhase section */
		4C63C7271B3C77E8003984DE /* Resources */ = {
			isa = PBXResourcesBuildPhase;
			buildActionMask = 2147483647;
			files = (
			);
			runOnlyForDeploymentPostprocessing = 0;
		};
		4C63C7321B3C77E8003984DE /* Resources */ = {
			isa = PBXResourcesBuildPhase;
			buildActionMask = 2147483647;
			files = (
			);
			runOnlyForDeploymentPostprocessing = 0;
		};
/* End PBXResourcesBuildPhase section */

/* Begin PBXShellScriptBuildPhase section */
		47A9A216DD1406E542C36759 /* [CP] Copy Pods Resources */ = {
			isa = PBXShellScriptBuildPhase;
			buildActionMask = 2147483647;
			files = (
			);
			inputPaths = (
			);
			name = "[CP] Copy Pods Resources";
			outputPaths = (
			);
			runOnlyForDeploymentPostprocessing = 0;
			shellPath = /bin/sh;
			shellScript = "\"${SRCROOT}/Pods/Target Support Files/Pods-iAsync.restkit/Pods-iAsync.restkit-resources.sh\"\n";
			showEnvVarsInLog = 0;
		};
		786A1D06C2244B94C63D3A74 /* [CP] Check Pods Manifest.lock */ = {
			isa = PBXShellScriptBuildPhase;
			buildActionMask = 2147483647;
			files = (
			);
			inputPaths = (
			);
			name = "[CP] Check Pods Manifest.lock";
			outputPaths = (
			);
			runOnlyForDeploymentPostprocessing = 0;
			shellPath = /bin/sh;
			shellScript = "diff \"${PODS_ROOT}/../Podfile.lock\" \"${PODS_ROOT}/Manifest.lock\" > /dev/null\nif [ $? != 0 ] ; then\n    # print error to STDERR\n    echo \"error: The sandbox is not in sync with the Podfile.lock. Run 'pod install' or update your CocoaPods installation.\" >&2\n    exit 1\nfi\n";
			showEnvVarsInLog = 0;
		};
		79294F3479DA1968BBDEAD6B /* [CP] Check Pods Manifest.lock */ = {
			isa = PBXShellScriptBuildPhase;
			buildActionMask = 2147483647;
			files = (
			);
			inputPaths = (
			);
			name = "[CP] Check Pods Manifest.lock";
			outputPaths = (
			);
			runOnlyForDeploymentPostprocessing = 0;
			shellPath = /bin/sh;
			shellScript = "diff \"${PODS_ROOT}/../Podfile.lock\" \"${PODS_ROOT}/Manifest.lock\" > /dev/null\nif [ $? != 0 ] ; then\n    # print error to STDERR\n    echo \"error: The sandbox is not in sync with the Podfile.lock. Run 'pod install' or update your CocoaPods installation.\" >&2\n    exit 1\nfi\n";
			showEnvVarsInLog = 0;
		};
		C6D93AE18131BDE18FD7D17B /* [CP] Copy Pods Resources */ = {
			isa = PBXShellScriptBuildPhase;
			buildActionMask = 2147483647;
			files = (
			);
			inputPaths = (
			);
			name = "[CP] Copy Pods Resources";
			outputPaths = (
			);
			runOnlyForDeploymentPostprocessing = 0;
			shellPath = /bin/sh;
			shellScript = "\"${SRCROOT}/Pods/Target Support Files/Pods-iAsync.restkitTests/Pods-iAsync.restkitTests-resources.sh\"\n";
			showEnvVarsInLog = 0;
		};
		D90C765A875A64EAA1CC38D5 /* [CP] Embed Pods Frameworks */ = {
			isa = PBXShellScriptBuildPhase;
			buildActionMask = 2147483647;
			files = (
			);
			inputPaths = (
			);
			name = "[CP] Embed Pods Frameworks";
			outputPaths = (
			);
			runOnlyForDeploymentPostprocessing = 0;
			shellPath = /bin/sh;
			shellScript = "\"${SRCROOT}/Pods/Target Support Files/Pods-iAsync.restkitTests/Pods-iAsync.restkitTests-frameworks.sh\"\n";
			showEnvVarsInLog = 0;
		};
/* End PBXShellScriptBuildPhase section */

/* Begin PBXSourcesBuildPhase section */
		4C63C7241B3C77E8003984DE /* Sources */ = {
			isa = PBXSourcesBuildPhase;
			buildActionMask = 2147483647;
			files = (
				C3E896FE1DF03CBB000D1618 /* AsyncRestKitCache.swift in Sources */,
				C3E897031DF03CBB000D1618 /* SmartDataStream.swift in Sources */,
				C3E897011DF03CBB000D1618 /* JsonTools.swift in Sources */,
				C3E897021DF03CBB000D1618 /* ParseJsonDataError.swift in Sources */,
			);
			runOnlyForDeploymentPostprocessing = 0;
		};
		4C63C7301B3C77E8003984DE /* Sources */ = {
			isa = PBXSourcesBuildPhase;
			buildActionMask = 2147483647;
			files = (
				4C63C73C1B3C77E8003984DE /* iAsync_restkitTests.swift in Sources */,
			);
			runOnlyForDeploymentPostprocessing = 0;
		};
/* End PBXSourcesBuildPhase section */

/* Begin PBXTargetDependency section */
		4C63C7371B3C77E8003984DE /* PBXTargetDependency */ = {
			isa = PBXTargetDependency;
			target = 4C63C7281B3C77E8003984DE /* iAsync.restkit */;
			targetProxy = 4C63C7361B3C77E8003984DE /* PBXContainerItemProxy */;
		};
/* End PBXTargetDependency section */

/* Begin XCBuildConfiguration section */
		4C63C73D1B3C77E8003984DE /* Debug */ = {
			isa = XCBuildConfiguration;
			buildSettings = {
				ALWAYS_SEARCH_USER_PATHS = NO;
				CLANG_CXX_LANGUAGE_STANDARD = "gnu++0x";
				CLANG_CXX_LIBRARY = "libc++";
				CLANG_ENABLE_MODULES = YES;
				CLANG_ENABLE_OBJC_ARC = YES;
				CLANG_WARN_BOOL_CONVERSION = YES;
				CLANG_WARN_CONSTANT_CONVERSION = YES;
				CLANG_WARN_DIRECT_OBJC_ISA_USAGE = YES_ERROR;
				CLANG_WARN_EMPTY_BODY = YES;
				CLANG_WARN_ENUM_CONVERSION = YES;
				CLANG_WARN_INFINITE_RECURSION = YES;
				CLANG_WARN_INT_CONVERSION = YES;
				CLANG_WARN_OBJC_ROOT_CLASS = YES_ERROR;
				CLANG_WARN_SUSPICIOUS_MOVE = YES;
				CLANG_WARN_UNREACHABLE_CODE = YES;
				CLANG_WARN__DUPLICATE_METHOD_MATCH = YES;
				"CODE_SIGN_IDENTITY[sdk=iphoneos*]" = "iPhone Developer";
				COPY_PHASE_STRIP = NO;
				CURRENT_PROJECT_VERSION = 1;
				DEBUG_INFORMATION_FORMAT = "dwarf-with-dsym";
				ENABLE_STRICT_OBJC_MSGSEND = YES;
				ENABLE_TESTABILITY = YES;
				GCC_C_LANGUAGE_STANDARD = gnu99;
				GCC_DYNAMIC_NO_PIC = NO;
				GCC_NO_COMMON_BLOCKS = YES;
				GCC_OPTIMIZATION_LEVEL = 0;
				GCC_PREPROCESSOR_DEFINITIONS = (
					"DEBUG=1",
					"$(inherited)",
				);
				GCC_SYMBOLS_PRIVATE_EXTERN = NO;
				GCC_WARN_64_TO_32_BIT_CONVERSION = YES;
				GCC_WARN_ABOUT_RETURN_TYPE = YES_ERROR;
				GCC_WARN_UNDECLARED_SELECTOR = YES;
				GCC_WARN_UNINITIALIZED_AUTOS = YES_AGGRESSIVE;
				GCC_WARN_UNUSED_FUNCTION = YES;
				GCC_WARN_UNUSED_VARIABLE = YES;
				IPHONEOS_DEPLOYMENT_TARGET = 8.0;
				MTL_ENABLE_DEBUG_INFO = YES;
				ONLY_ACTIVE_ARCH = YES;
				SDKROOT = iphoneos;
				SWIFT_OPTIMIZATION_LEVEL = "-Onone";
				TARGETED_DEVICE_FAMILY = "1,2";
				VERSIONING_SYSTEM = "apple-generic";
				VERSION_INFO_PREFIX = "";
			};
			name = Debug;
		};
		4C63C73E1B3C77E8003984DE /* Release */ = {
			isa = XCBuildConfiguration;
			buildSettings = {
				ALWAYS_SEARCH_USER_PATHS = NO;
				CLANG_CXX_LANGUAGE_STANDARD = "gnu++0x";
				CLANG_CXX_LIBRARY = "libc++";
				CLANG_ENABLE_MODULES = YES;
				CLANG_ENABLE_OBJC_ARC = YES;
				CLANG_WARN_BOOL_CONVERSION = YES;
				CLANG_WARN_CONSTANT_CONVERSION = YES;
				CLANG_WARN_DIRECT_OBJC_ISA_USAGE = YES_ERROR;
				CLANG_WARN_EMPTY_BODY = YES;
				CLANG_WARN_ENUM_CONVERSION = YES;
				CLANG_WARN_INFINITE_RECURSION = YES;
				CLANG_WARN_INT_CONVERSION = YES;
				CLANG_WARN_OBJC_ROOT_CLASS = YES_ERROR;
				CLANG_WARN_SUSPICIOUS_MOVE = YES;
				CLANG_WARN_UNREACHABLE_CODE = YES;
				CLANG_WARN__DUPLICATE_METHOD_MATCH = YES;
				"CODE_SIGN_IDENTITY[sdk=iphoneos*]" = "iPhone Developer";
				COPY_PHASE_STRIP = NO;
				CURRENT_PROJECT_VERSION = 1;
				DEBUG_INFORMATION_FORMAT = "dwarf-with-dsym";
				ENABLE_NS_ASSERTIONS = NO;
				ENABLE_STRICT_OBJC_MSGSEND = YES;
				GCC_C_LANGUAGE_STANDARD = gnu99;
				GCC_NO_COMMON_BLOCKS = YES;
				GCC_WARN_64_TO_32_BIT_CONVERSION = YES;
				GCC_WARN_ABOUT_RETURN_TYPE = YES_ERROR;
				GCC_WARN_UNDECLARED_SELECTOR = YES;
				GCC_WARN_UNINITIALIZED_AUTOS = YES_AGGRESSIVE;
				GCC_WARN_UNUSED_FUNCTION = YES;
				GCC_WARN_UNUSED_VARIABLE = YES;
				IPHONEOS_DEPLOYMENT_TARGET = 8.0;
				MTL_ENABLE_DEBUG_INFO = NO;
				SDKROOT = iphoneos;
				SWIFT_OPTIMIZATION_LEVEL = "-Owholemodule";
				TARGETED_DEVICE_FAMILY = "1,2";
				VALIDATE_PRODUCT = YES;
				VERSIONING_SYSTEM = "apple-generic";
				VERSION_INFO_PREFIX = "";
			};
			name = Release;
		};
		4C63C7401B3C77E8003984DE /* Debug */ = {
			isa = XCBuildConfiguration;
			baseConfigurationReference = 0BC2942BD43A952C7DA6B631 /* Pods-iAsync.restkit.debug.xcconfig */;
			buildSettings = {
				"CODE_SIGN_IDENTITY[sdk=iphoneos*]" = "";
				DEFINES_MODULE = YES;
				DYLIB_COMPATIBILITY_VERSION = 1;
				DYLIB_CURRENT_VERSION = 1;
				DYLIB_INSTALL_NAME_BASE = "@rpath";
				INFOPLIST_FILE = "$(SRCROOT)/Sources/Info.plist";
				INSTALL_PATH = "$(LOCAL_LIBRARY_DIR)/Frameworks";
				LD_RUNPATH_SEARCH_PATHS = "$(inherited) @executable_path/Frameworks @loader_path/Frameworks";
				PRODUCT_BUNDLE_IDENTIFIER = "com.EmbeddedSources.$(PRODUCT_NAME:rfc1034identifier)";
				PRODUCT_NAME = iAsync_restkit;
				SKIP_INSTALL = YES;
				SWIFT_VERSION = 3.0;
			};
			name = Debug;
		};
		4C63C7411B3C77E8003984DE /* Release */ = {
			isa = XCBuildConfiguration;
			baseConfigurationReference = ACD5F6A9DBFCD37909FFCF13 /* Pods-iAsync.restkit.release.xcconfig */;
			buildSettings = {
				"CODE_SIGN_IDENTITY[sdk=iphoneos*]" = "";
				DEFINES_MODULE = YES;
				DYLIB_COMPATIBILITY_VERSION = 1;
				DYLIB_CURRENT_VERSION = 1;
				DYLIB_INSTALL_NAME_BASE = "@rpath";
				INFOPLIST_FILE = "$(SRCROOT)/Sources/Info.plist";
				INSTALL_PATH = "$(LOCAL_LIBRARY_DIR)/Frameworks";
				LD_RUNPATH_SEARCH_PATHS = "$(inherited) @executable_path/Frameworks @loader_path/Frameworks";
				PRODUCT_BUNDLE_IDENTIFIER = "com.EmbeddedSources.$(PRODUCT_NAME:rfc1034identifier)";
				PRODUCT_NAME = iAsync_restkit;
				SKIP_INSTALL = YES;
				SWIFT_VERSION = 3.0;
			};
			name = Release;
		};
		4C63C7431B3C77E8003984DE /* Debug */ = {
			isa = XCBuildConfiguration;
			baseConfigurationReference = 15A994EB960F04B9428740AF /* Pods-iAsync.restkitTests.debug.xcconfig */;
			buildSettings = {
				ALWAYS_EMBED_SWIFT_STANDARD_LIBRARIES = YES;
				DEVELOPMENT_TEAM = GAV4QH5NMA;
				FRAMEWORK_SEARCH_PATHS = (
					"$(SDKROOT)/Developer/Library/Frameworks",
					"$(inherited)",
				);
				GCC_PREPROCESSOR_DEFINITIONS = (
					"DEBUG=1",
					"$(inherited)",
				);
				INFOPLIST_FILE = iAsync.restkitTests/Info.plist;
				LD_RUNPATH_SEARCH_PATHS = "$(inherited) @executable_path/Frameworks @loader_path/Frameworks";
				PRODUCT_BUNDLE_IDENTIFIER = "com.EmbeddedSources.$(PRODUCT_NAME:rfc1034identifier)";
				PRODUCT_NAME = "$(TARGET_NAME)";
				SWIFT_VERSION = 3.0;
			};
			name = Debug;
		};
		4C63C7441B3C77E8003984DE /* Release */ = {
			isa = XCBuildConfiguration;
			baseConfigurationReference = 47735F51A234AC992D2E3A96 /* Pods-iAsync.restkitTests.release.xcconfig */;
			buildSettings = {
				ALWAYS_EMBED_SWIFT_STANDARD_LIBRARIES = YES;
				DEVELOPMENT_TEAM = GAV4QH5NMA;
				FRAMEWORK_SEARCH_PATHS = (
					"$(SDKROOT)/Developer/Library/Frameworks",
					"$(inherited)",
				);
				INFOPLIST_FILE = iAsync.restkitTests/Info.plist;
				LD_RUNPATH_SEARCH_PATHS = "$(inherited) @executable_path/Frameworks @loader_path/Frameworks";
				PRODUCT_BUNDLE_IDENTIFIER = "com.EmbeddedSources.$(PRODUCT_NAME:rfc1034identifier)";
				PRODUCT_NAME = "$(TARGET_NAME)";
				SWIFT_VERSION = 3.0;
			};
			name = Release;
		};
/* End XCBuildConfiguration section */

/* Begin XCConfigurationList section */
		4C63C7231B3C77E8003984DE /* Build configuration list for PBXProject "iAsync.restkit" */ = {
			isa = XCConfigurationList;
			buildConfigurations = (
				4C63C73D1B3C77E8003984DE /* Debug */,
				4C63C73E1B3C77E8003984DE /* Release */,
			);
			defaultConfigurationIsVisible = 0;
			defaultConfigurationName = Release;
		};
		4C63C73F1B3C77E8003984DE /* Build configuration list for PBXNativeTarget "iAsync.restkit" */ = {
			isa = XCConfigurationList;
			buildConfigurations = (
				4C63C7401B3C77E8003984DE /* Debug */,
				4C63C7411B3C77E8003984DE /* Release */,
			);
			defaultConfigurationIsVisible = 0;
			defaultConfigurationName = Release;
		};
		4C63C7421B3C77E8003984DE /* Build configuration list for PBXNativeTarget "iAsync.restkitTests" */ = {
			isa = XCConfigurationList;
			buildConfigurations = (
				4C63C7431B3C77E8003984DE /* Debug */,
				4C63C7441B3C77E8003984DE /* Release */,
			);
			defaultConfigurationIsVisible = 0;
			defaultConfigurationName = Release;
		};
/* End XCConfigurationList section */
	};
	rootObject = 4C63C7201B3C77E8003984DE /* Project object */;
}
